
Microsoft Visual Studio Solution File, Format Version 12.00
# Visual Studio Version 16
VisualStudioVersion = 16.0.31515.178
MinimumVisualStudioVersion = 10.0.40219.1
Project("{888888A0-9F3D-457C-B088-3A5042F75D52}") = "CIS_261_Course_Project_Phase_3", "CIS_261_Course_Project_Phase_3.pyproj", "{61AFD23D-DFAD-4DCF-B816-0E5192D14E4D}"
EndProject
Global
	GlobalSection(SolutionConfigurationPlatforms) = preSolution
		Debug|Any CPU = Debug|Any CPU
		Release|Any CPU = Release|Any CPU
	EndGlobalSection
	GlobalSection(ProjectConfigurationPlatforms) = postSolution
		{61AFD23D-DFAD-4DCF-B816-0E5192D14E4D}.Debug|Any CPU.ActiveCfg = Debug|Any CPU
		{61AFD23D-DFAD-4DCF-B816-0E5192D14E4D}.Release|Any CPU.ActiveCfg = Release|Any CPU
	EndGlobalSection
	GlobalSection(SolutionProperties) = preSolution
		HideSolutionNode = FALSE
	EndGlobalSection
	GlobalSection(ExtensibilityGlobals) = postSolution
		SolutionGuid = {8CEE6768-8ABF-4A25-B074-B2AF68CBF186}
	EndGlobalSection
EndGlobal
